
Microsoft Visual Studio Solution File, Format Version 12.00
# Visual Studio Version 16
VisualStudioVersion = 16.0.29911.84
MinimumVisualStudioVersion = 10.0.40219.1
Project("{9A19103F-16F7-4668-BE54-9A1E7A4F7556}") = "azureFileWatch", "azureFileWatch.csproj", "{65BB2F09-A643-42D0-80F1-6953450F8BA2}"
EndProject
Global
	GlobalSection(SolutionConfigurationPlatforms) = preSolution
		Debug|Any CPU = Debug|Any CPU
		Release|Any CPU = Release|Any CPU
	EndGlobalSection
	GlobalSection(ProjectConfigurationPlatforms) = postSolution
		{65BB2F09-A643-42D0-80F1-6953450F8BA2}.Debug|Any CPU.ActiveCfg = Debug|Any CPU
		{65BB2F09-A643-42D0-80F1-6953450F8BA2}.Debug|Any CPU.Build.0 = Debug|Any CPU
		{65BB2F09-A643-42D0-80F1-6953450F8BA2}.Release|Any CPU.ActiveCfg = Release|Any CPU
		{65BB2F09-A643-42D0-80F1-6953450F8BA2}.Release|Any CPU.Build.0 = Release|Any CPU
	EndGlobalSection
	GlobalSection(SolutionProperties) = preSolution
		HideSolutionNode = FALSE
	EndGlobalSection
	GlobalSection(ExtensibilityGlobals) = postSolution
		SolutionGuid = {21D1693E-804F-4803-B096-5FCE601E7F35}
	EndGlobalSection
EndGlobal
